// !$*UTF8*$!
{
	archiveVersion = 1;
	classes = {
	};
	objectVersion = 46;
	objects = {

/* Begin PBXAggregateTarget section */
		"RogueKit::RogueKit Demo::ProductTarget" /* RogueKit Demo */ = {
			isa = PBXAggregateTarget;
			buildConfigurationList = OBJ_119 /* Build configuration list for PBXAggregateTarget "RogueKit Demo" */;
			buildPhases = (
			);
			dependencies = (
				OBJ_122 /* PBXTargetDependency */,
			);
			name = "RogueKit Demo";
			productName = "RogueKit Demo";
		};
/* End PBXAggregateTarget section */

/* Begin PBXBuildFile section */
		AA0DE9022013C87400CCF61F /* LevelMap.swift in Sources */ = {isa = PBXBuildFile; fileRef = AA0DE9012013C87400CCF61F /* LevelMap.swift */; };
		AA0DE9032013C87400CCF61F /* LevelMap.swift in Sources */ = {isa = PBXBuildFile; fileRef = AA0DE9012013C87400CCF61F /* LevelMap.swift */; };
		AA0DE9052015723A00CCF61F /* CSV.swift in Sources */ = {isa = PBXBuildFile; fileRef = AA0DE9042015723A00CCF61F /* CSV.swift */; };
		AA0DE9062015723A00CCF61F /* CSV.swift in Sources */ = {isa = PBXBuildFile; fileRef = AA0DE9042015723A00CCF61F /* CSV.swift */; };
		AA3DA1F3200BE81300A7CA1B /* Makefile in Sources */ = {isa = PBXBuildFile; fileRef = AA3DA1F1200BE81200A7CA1B /* Makefile */; };
		AA3DA224200BECAF00A7CA1B /* RandomSeedStore.swift in Sources */ = {isa = PBXBuildFile; fileRef = AA3DA222200BECAB00A7CA1B /* RandomSeedStore.swift */; };
		AA3DA226200BF4B600A7CA1B /* GeneratorProtocol.swift in Sources */ = {isa = PBXBuildFile; fileRef = AA3DA225200BF4B600A7CA1B /* GeneratorProtocol.swift */; };
		AA3DA228200BF72100A7CA1B /* GeneratorReader.swift in Sources */ = {isa = PBXBuildFile; fileRef = AA3DA227200BF72100A7CA1B /* GeneratorReader.swift */; };
		AA3DA22A200C37BF00A7CA1B /* RKColor.swift in Sources */ = {isa = PBXBuildFile; fileRef = AA3DA229200C37BF00A7CA1B /* RKColor.swift */; };
		AA3DA2322012DD2600A7CA1B /* AppDelegate.swift in Sources */ = {isa = PBXBuildFile; fileRef = AA3DA2312012DD2600A7CA1B /* AppDelegate.swift */; };
		AA3DA2342012DD2600A7CA1B /* Assets.xcassets in Resources */ = {isa = PBXBuildFile; fileRef = AA3DA2332012DD2600A7CA1B /* Assets.xcassets */; };
		AA3DA2372012DD2600A7CA1B /* MainMenu.xib in Resources */ = {isa = PBXBuildFile; fileRef = AA3DA2352012DD2600A7CA1B /* MainMenu.xib */; };
		AA3DA23D2012DD4500A7CA1B /* Resources in Resources */ = {isa = PBXBuildFile; fileRef = OBJ_29 /* Resources */; };
		AA3DA2512012DD7900A7CA1B /* Gzip.framework in Frameworks */ = {isa = PBXBuildFile; fileRef = "Gzip::Gzip::Product" /* Gzip.framework */; };
		AA3DA2522012DD7900A7CA1B /* Gzip.framework in Embed Frameworks */ = {isa = PBXBuildFile; fileRef = "Gzip::Gzip::Product" /* Gzip.framework */; settings = {ATTRIBUTES = (CodeSignOnCopy, RemoveHeadersOnCopy, ); }; };
		AA3DA2552012DD7900A7CA1B /* system_zlib.framework in Frameworks */ = {isa = PBXBuildFile; fileRef = "Gzip::system-zlib::Product" /* system_zlib.framework */; };
		AA3DA2562012DD7900A7CA1B /* system_zlib.framework in Embed Frameworks */ = {isa = PBXBuildFile; fileRef = "Gzip::system-zlib::Product" /* system_zlib.framework */; settings = {ATTRIBUTES = (CodeSignOnCopy, RemoveHeadersOnCopy, ); }; };
		AA3DA2592012DD7900A7CA1B /* BearLibTerminal.framework in Frameworks */ = {isa = PBXBuildFile; fileRef = "BearLibTerminal::BearLibTerminal::Product" /* BearLibTerminal.framework */; };
		AA3DA25A2012DD7900A7CA1B /* BearLibTerminal.framework in Embed Frameworks */ = {isa = PBXBuildFile; fileRef = "BearLibTerminal::BearLibTerminal::Product" /* BearLibTerminal.framework */; settings = {ATTRIBUTES = (CodeSignOnCopy, RemoveHeadersOnCopy, ); }; };
		AA3DA25E2012DE0300A7CA1B /* RandomSeedStore.swift in Sources */ = {isa = PBXBuildFile; fileRef = AA3DA222200BECAB00A7CA1B /* RandomSeedStore.swift */; };
		AA3DA25F2012DE0300A7CA1B /* RecursiveShadowcastingFOVProvider.swift in Sources */ = {isa = PBXBuildFile; fileRef = OBJ_10 /* RecursiveShadowcastingFOVProvider.swift */; };
		AA3DA2602012DE0300A7CA1B /* GeneratorReader.swift in Sources */ = {isa = PBXBuildFile; fileRef = AA3DA227200BF72100A7CA1B /* GeneratorReader.swift */; };
		AA3DA2612012DE0300A7CA1B /* GeneratorProtocol.swift in Sources */ = {isa = PBXBuildFile; fileRef = AA3DA225200BF4B600A7CA1B /* GeneratorProtocol.swift */; };
		AA3DA2622012DE0300A7CA1B /* Prefab.swift in Sources */ = {isa = PBXBuildFile; fileRef = OBJ_12 /* Prefab.swift */; };
		AA3DA2632012DE0300A7CA1B /* PurePrefabGenerator.swift in Sources */ = {isa = PBXBuildFile; fileRef = OBJ_13 /* PurePrefabGenerator.swift */; };
		AA3DA2642012DE0300A7CA1B /* Resources.swift in Sources */ = {isa = PBXBuildFile; fileRef = OBJ_14 /* Resources.swift */; };
		AA3DA2652012DE0300A7CA1B /* Array2D.swift in Sources */ = {isa = PBXBuildFile; fileRef = OBJ_16 /* Array2D.swift */; };
		AA3DA2662012DE0300A7CA1B /* BearLibTerminal+Geometry.swift in Sources */ = {isa = PBXBuildFile; fileRef = OBJ_17 /* BearLibTerminal+Geometry.swift */; };
		AA3DA2672012DE0300A7CA1B /* CP437.swift in Sources */ = {isa = PBXBuildFile; fileRef = OBJ_18 /* CP437.swift */; };
		AA3DA2682012DE0300A7CA1B /* DistanceField.swift in Sources */ = {isa = PBXBuildFile; fileRef = OBJ_19 /* DistanceField.swift */; };
		AA3DA2692012DE0300A7CA1B /* REXPaintImage+BearLibTerminal.swift in Sources */ = {isa = PBXBuildFile; fileRef = OBJ_20 /* REXPaintImage+BearLibTerminal.swift */; };
		AA3DA26A2012DE0300A7CA1B /* REXPaintImage.swift in Sources */ = {isa = PBXBuildFile; fileRef = OBJ_21 /* REXPaintImage.swift */; };
		AA3DA26B2012DE0300A7CA1B /* RKRNG.swift in Sources */ = {isa = PBXBuildFile; fileRef = OBJ_22 /* RKRNG.swift */; };
		AA3DA26C2012DE0300A7CA1B /* SpriteSheet.swift in Sources */ = {isa = PBXBuildFile; fileRef = OBJ_23 /* SpriteSheet.swift */; };
		AA3DA26D2012DE0300A7CA1B /* RKColor.swift in Sources */ = {isa = PBXBuildFile; fileRef = AA3DA229200C37BF00A7CA1B /* RKColor.swift */; };
		AA3DA26E2012DE0300A7CA1B /* main.swift in Sources */ = {isa = PBXBuildFile; fileRef = OBJ_25 /* main.swift */; };
		AA3DA2742013045300A7CA1B /* libBearLibTerminal.dylib in Resources */ = {isa = PBXBuildFile; fileRef = AA3DA2732013045300A7CA1B /* libBearLibTerminal.dylib */; };
		AA3DA276201304A700A7CA1B /* libBearLibTerminal.dylib in CopyFiles */ = {isa = PBXBuildFile; fileRef = AA3DA2732013045300A7CA1B /* libBearLibTerminal.dylib */; settings = {ATTRIBUTES = (CodeSignOnCopy, ); }; };
		AA3DA2772013055800A7CA1B /* libBearLibTerminal.dylib in Frameworks */ = {isa = PBXBuildFile; fileRef = AA3DA2732013045300A7CA1B /* libBearLibTerminal.dylib */; };
		AA3DA2782013055A00A7CA1B /* libBearLibTerminal.dylib in Frameworks */ = {isa = PBXBuildFile; fileRef = AA3DA2732013045300A7CA1B /* libBearLibTerminal.dylib */; };
		AA3DA27A2013057400A7CA1B /* libBearLibTerminal.dylib in CopyFiles */ = {isa = PBXBuildFile; fileRef = AA3DA2732013045300A7CA1B /* libBearLibTerminal.dylib */; settings = {ATTRIBUTES = (CodeSignOnCopy, ); }; };
		AA3DA27C2013059100A7CA1B /* libBearLibTerminal.dylib in CopyFiles */ = {isa = PBXBuildFile; fileRef = AA3DA2732013045300A7CA1B /* libBearLibTerminal.dylib */; settings = {ATTRIBUTES = (CodeSignOnCopy, ); }; };
		AA3DA27E2015B1E300A7CA1B /* WorldModel.swift in Sources */ = {isa = PBXBuildFile; fileRef = AA3DA27D2015B1E300A7CA1B /* WorldModel.swift */; };
		AA3DA27F2015B1E300A7CA1B /* WorldModel.swift in Sources */ = {isa = PBXBuildFile; fileRef = AA3DA27D2015B1E300A7CA1B /* WorldModel.swift */; };
		AA3DA2812015B20C00A7CA1B /* ECS.swift in Sources */ = {isa = PBXBuildFile; fileRef = AA3DA2802015B20C00A7CA1B /* ECS.swift */; };
		AA3DA2822015B20C00A7CA1B /* ECS.swift in Sources */ = {isa = PBXBuildFile; fileRef = AA3DA2802015B20C00A7CA1B /* ECS.swift */; };
		AA3DA28420163C3700A7CA1B /* ECS+Scratch.swift in Sources */ = {isa = PBXBuildFile; fileRef = AA3DA28320163C3700A7CA1B /* ECS+Scratch.swift */; };
		AA3DA28520163C3700A7CA1B /* ECS+Scratch.swift in Sources */ = {isa = PBXBuildFile; fileRef = AA3DA28320163C3700A7CA1B /* ECS+Scratch.swift */; };
		OBJ_101 /* Data+Gzip.swift in Sources */ = {isa = PBXBuildFile; fileRef = OBJ_37 /* Data+Gzip.swift */; };
		OBJ_103 /* system_zlib.framework in Frameworks */ = {isa = PBXBuildFile; fileRef = "Gzip::system-zlib::Product" /* system_zlib.framework */; };
		OBJ_109 /* anchor.c in Sources */ = {isa = PBXBuildFile; fileRef = OBJ_33 /* anchor.c */; };
		OBJ_115 /* BearLibTerminal+constants.swift in Sources */ = {isa = PBXBuildFile; fileRef = OBJ_41 /* BearLibTerminal+constants.swift */; };
		OBJ_116 /* BearLibTerminal.swift in Sources */ = {isa = PBXBuildFile; fileRef = OBJ_42 /* BearLibTerminal.swift */; };
		OBJ_54 /* Package.swift in Sources */ = {isa = PBXBuildFile; fileRef = OBJ_6 /* Package.swift */; };
		OBJ_60 /* Package.swift in Sources */ = {isa = PBXBuildFile; fileRef = OBJ_38 /* Package.swift */; };
		OBJ_66 /* Package.swift in Sources */ = {isa = PBXBuildFile; fileRef = OBJ_43 /* Package.swift */; };
		OBJ_72 /* RecursiveShadowcastingFOVProvider.swift in Sources */ = {isa = PBXBuildFile; fileRef = OBJ_10 /* RecursiveShadowcastingFOVProvider.swift */; };
		OBJ_73 /* Prefab.swift in Sources */ = {isa = PBXBuildFile; fileRef = OBJ_12 /* Prefab.swift */; };
		OBJ_74 /* PurePrefabGenerator.swift in Sources */ = {isa = PBXBuildFile; fileRef = OBJ_13 /* PurePrefabGenerator.swift */; };
		OBJ_75 /* Resources.swift in Sources */ = {isa = PBXBuildFile; fileRef = OBJ_14 /* Resources.swift */; };
		OBJ_76 /* Array2D.swift in Sources */ = {isa = PBXBuildFile; fileRef = OBJ_16 /* Array2D.swift */; };
		OBJ_77 /* BearLibTerminal+Geometry.swift in Sources */ = {isa = PBXBuildFile; fileRef = OBJ_17 /* BearLibTerminal+Geometry.swift */; };
		OBJ_78 /* CP437.swift in Sources */ = {isa = PBXBuildFile; fileRef = OBJ_18 /* CP437.swift */; };
		OBJ_79 /* DistanceField.swift in Sources */ = {isa = PBXBuildFile; fileRef = OBJ_19 /* DistanceField.swift */; };
		OBJ_80 /* REXPaintImage+BearLibTerminal.swift in Sources */ = {isa = PBXBuildFile; fileRef = OBJ_20 /* REXPaintImage+BearLibTerminal.swift */; };
		OBJ_81 /* REXPaintImage.swift in Sources */ = {isa = PBXBuildFile; fileRef = OBJ_21 /* REXPaintImage.swift */; };
		OBJ_82 /* RKRNG.swift in Sources */ = {isa = PBXBuildFile; fileRef = OBJ_22 /* RKRNG.swift */; };
		OBJ_83 /* SpriteSheet.swift in Sources */ = {isa = PBXBuildFile; fileRef = OBJ_23 /* SpriteSheet.swift */; };
		OBJ_84 /* fovTest.swift in Sources */ = {isa = PBXBuildFile; fileRef = OBJ_24 /* fovTest.swift */; };
		OBJ_85 /* main.swift in Sources */ = {isa = PBXBuildFile; fileRef = OBJ_25 /* main.swift */; };
		OBJ_86 /* test.swift in Sources */ = {isa = PBXBuildFile; fileRef = OBJ_26 /* test.swift */; };
		OBJ_88 /* Gzip.framework in Frameworks */ = {isa = PBXBuildFile; fileRef = "Gzip::Gzip::Product" /* Gzip.framework */; };
		OBJ_89 /* system_zlib.framework in Frameworks */ = {isa = PBXBuildFile; fileRef = "Gzip::system-zlib::Product" /* system_zlib.framework */; };
		OBJ_90 /* BearLibTerminal.framework in Frameworks */ = {isa = PBXBuildFile; fileRef = "BearLibTerminal::BearLibTerminal::Product" /* BearLibTerminal.framework */; };
/* End PBXBuildFile section */

/* Begin PBXContainerItemProxy section */
		AA3DA1EA200BE66800A7CA1B /* PBXContainerItemProxy */ = {
			isa = PBXContainerItemProxy;
			containerPortal = OBJ_1 /* Project object */;
			proxyType = 1;
			remoteGlobalIDString = "Gzip::Gzip";
			remoteInfo = Gzip;
		};
		AA3DA1EB200BE66800A7CA1B /* PBXContainerItemProxy */ = {
			isa = PBXContainerItemProxy;
			containerPortal = OBJ_1 /* Project object */;
			proxyType = 1;
			remoteGlobalIDString = "Gzip::system-zlib";
			remoteInfo = "system-zlib";
		};
		AA3DA1EC200BE66800A7CA1B /* PBXContainerItemProxy */ = {
			isa = PBXContainerItemProxy;
			containerPortal = OBJ_1 /* Project object */;
			proxyType = 1;
			remoteGlobalIDString = "Gzip::system-zlib";
			remoteInfo = "system-zlib";
		};
		AA3DA1ED200BE66800A7CA1B /* PBXContainerItemProxy */ = {
			isa = PBXContainerItemProxy;
			containerPortal = OBJ_1 /* Project object */;
			proxyType = 1;
			remoteGlobalIDString = "BearLibTerminal::BearLibTerminal";
			remoteInfo = BearLibTerminal;
		};
		AA3DA1EE200BE66800A7CA1B /* PBXContainerItemProxy */ = {
			isa = PBXContainerItemProxy;
			containerPortal = OBJ_1 /* Project object */;
			proxyType = 1;
			remoteGlobalIDString = "RogueKit::RogueKit";
			remoteInfo = RogueKit;
		};
		AA3DA1F8200BE89E00A7CA1B /* PBXContainerItemProxy */ = {
			isa = PBXContainerItemProxy;
			containerPortal = OBJ_1 /* Project object */;
			proxyType = 1;
			remoteGlobalIDString = AA3DA1F4200BE88A00A7CA1B;
			remoteInfo = "Sync Resources";
		};
		AA3DA23E2012DD5300A7CA1B /* PBXContainerItemProxy */ = {
			isa = PBXContainerItemProxy;
			containerPortal = OBJ_1 /* Project object */;
			proxyType = 1;
			remoteGlobalIDString = "RogueKit::RogueKit";
			remoteInfo = RogueKit;
		};
		AA3DA2532012DD7900A7CA1B /* PBXContainerItemProxy */ = {
			isa = PBXContainerItemProxy;
			containerPortal = OBJ_1 /* Project object */;
			proxyType = 1;
			remoteGlobalIDString = "Gzip::Gzip";
			remoteInfo = Gzip;
		};
		AA3DA2572012DD7900A7CA1B /* PBXContainerItemProxy */ = {
			isa = PBXContainerItemProxy;
			containerPortal = OBJ_1 /* Project object */;
			proxyType = 1;
			remoteGlobalIDString = "Gzip::system-zlib";
			remoteInfo = "system-zlib";
		};
		AA3DA25B2012DD7900A7CA1B /* PBXContainerItemProxy */ = {
			isa = PBXContainerItemProxy;
			containerPortal = OBJ_1 /* Project object */;
			proxyType = 1;
			remoteGlobalIDString = "BearLibTerminal::BearLibTerminal";
			remoteInfo = BearLibTerminal;
		};
/* End PBXContainerItemProxy section */

/* Begin PBXCopyFilesBuildPhase section */
		AA3DA25D2012DD7900A7CA1B /* Embed Frameworks */ = {
			isa = PBXCopyFilesBuildPhase;
			buildActionMask = 2147483647;
			dstPath = "";
			dstSubfolderSpec = 10;
			files = (
				AA3DA25A2012DD7900A7CA1B /* BearLibTerminal.framework in Embed Frameworks */,
				AA3DA2562012DD7900A7CA1B /* system_zlib.framework in Embed Frameworks */,
				AA3DA2522012DD7900A7CA1B /* Gzip.framework in Embed Frameworks */,
			);
			name = "Embed Frameworks";
			runOnlyForDeploymentPostprocessing = 0;
		};
		AA3DA2752013049D00A7CA1B /* CopyFiles */ = {
			isa = PBXCopyFilesBuildPhase;
			buildActionMask = 2147483647;
			dstPath = "";
			dstSubfolderSpec = 6;
			files = (
				AA3DA276201304A700A7CA1B /* libBearLibTerminal.dylib in CopyFiles */,
			);
			runOnlyForDeploymentPostprocessing = 0;
		};
		AA3DA2792013056F00A7CA1B /* CopyFiles */ = {
			isa = PBXCopyFilesBuildPhase;
			buildActionMask = 2147483647;
			dstPath = "";
			dstSubfolderSpec = 6;
			files = (
				AA3DA27A2013057400A7CA1B /* libBearLibTerminal.dylib in CopyFiles */,
			);
			runOnlyForDeploymentPostprocessing = 0;
		};
		AA3DA27B2013058B00A7CA1B /* CopyFiles */ = {
			isa = PBXCopyFilesBuildPhase;
			buildActionMask = 2147483647;
			dstPath = "";
			dstSubfolderSpec = 6;
			files = (
				AA3DA27C2013059100A7CA1B /* libBearLibTerminal.dylib in CopyFiles */,
			);
			runOnlyForDeploymentPostprocessing = 0;
		};
/* End PBXCopyFilesBuildPhase section */

/* Begin PBXFileReference section */
		AA0DE9012013C87400CCF61F /* LevelMap.swift */ = {isa = PBXFileReference; lastKnownFileType = sourcecode.swift; path = LevelMap.swift; sourceTree = "<group>"; };
		AA0DE9042015723A00CCF61F /* CSV.swift */ = {isa = PBXFileReference; lastKnownFileType = sourcecode.swift; path = CSV.swift; sourceTree = "<group>"; };
		AA3DA1EF200BE81200A7CA1B /* Readme.md */ = {isa = PBXFileReference; fileEncoding = 4; lastKnownFileType = net.daringfireball.markdown; path = Readme.md; sourceTree = "<group>"; };
		AA3DA1F0200BE81200A7CA1B /* Package.resolved */ = {isa = PBXFileReference; fileEncoding = 4; lastKnownFileType = text; path = Package.resolved; sourceTree = "<group>"; };
		AA3DA1F1200BE81200A7CA1B /* Makefile */ = {isa = PBXFileReference; fileEncoding = 4; lastKnownFileType = sourcecode.make; path = Makefile; sourceTree = "<group>"; };
		AA3DA1F2200BE81300A7CA1B /* sync_resources.sh */ = {isa = PBXFileReference; fileEncoding = 4; lastKnownFileType = text.script.sh; path = sync_resources.sh; sourceTree = "<group>"; };
		AA3DA222200BECAB00A7CA1B /* RandomSeedStore.swift */ = {isa = PBXFileReference; lastKnownFileType = sourcecode.swift; path = RandomSeedStore.swift; sourceTree = "<group>"; };
		AA3DA225200BF4B600A7CA1B /* GeneratorProtocol.swift */ = {isa = PBXFileReference; lastKnownFileType = sourcecode.swift; path = GeneratorProtocol.swift; sourceTree = "<group>"; };
		AA3DA227200BF72100A7CA1B /* GeneratorReader.swift */ = {isa = PBXFileReference; lastKnownFileType = sourcecode.swift; path = GeneratorReader.swift; sourceTree = "<group>"; };
		AA3DA229200C37BF00A7CA1B /* RKColor.swift */ = {isa = PBXFileReference; lastKnownFileType = sourcecode.swift; path = RKColor.swift; sourceTree = "<group>"; };
		AA3DA22F2012DD2600A7CA1B /* RogueKitApp.app */ = {isa = PBXFileReference; explicitFileType = wrapper.application; includeInIndex = 0; path = RogueKitApp.app; sourceTree = BUILT_PRODUCTS_DIR; };
		AA3DA2312012DD2600A7CA1B /* AppDelegate.swift */ = {isa = PBXFileReference; lastKnownFileType = sourcecode.swift; path = AppDelegate.swift; sourceTree = "<group>"; };
		AA3DA2332012DD2600A7CA1B /* Assets.xcassets */ = {isa = PBXFileReference; lastKnownFileType = folder.assetcatalog; path = Assets.xcassets; sourceTree = "<group>"; };
		AA3DA2362012DD2600A7CA1B /* Base */ = {isa = PBXFileReference; lastKnownFileType = file.xib; name = Base; path = Base.lproj/MainMenu.xib; sourceTree = "<group>"; };
		AA3DA2382012DD2600A7CA1B /* Info.plist */ = {isa = PBXFileReference; lastKnownFileType = text.plist.xml; path = Info.plist; sourceTree = "<group>"; };
		AA3DA2392012DD2600A7CA1B /* RogueKitApp.entitlements */ = {isa = PBXFileReference; lastKnownFileType = text.plist.entitlements; path = RogueKitApp.entitlements; sourceTree = "<group>"; };
		AA3DA2732013045300A7CA1B /* libBearLibTerminal.dylib */ = {isa = PBXFileReference; lastKnownFileType = "compiled.mach-o.dylib"; name = libBearLibTerminal.dylib; path = Binaries/libBearLibTerminal.dylib; sourceTree = "<group>"; };
		AA3DA27D2015B1E300A7CA1B /* WorldModel.swift */ = {isa = PBXFileReference; lastKnownFileType = sourcecode.swift; path = WorldModel.swift; sourceTree = "<group>"; };
		AA3DA2802015B20C00A7CA1B /* ECS.swift */ = {isa = PBXFileReference; lastKnownFileType = sourcecode.swift; path = ECS.swift; sourceTree = "<group>"; };
		AA3DA28320163C3700A7CA1B /* ECS+Scratch.swift */ = {isa = PBXFileReference; lastKnownFileType = sourcecode.swift; path = "ECS+Scratch.swift"; sourceTree = "<group>"; };
		"BearLibTerminal::BearLibTerminal::Product" /* BearLibTerminal.framework */ = {isa = PBXFileReference; explicitFileType = wrapper.framework; path = BearLibTerminal.framework; sourceTree = BUILT_PRODUCTS_DIR; };
		"Gzip::Gzip::Product" /* Gzip.framework */ = {isa = PBXFileReference; explicitFileType = wrapper.framework; path = Gzip.framework; sourceTree = BUILT_PRODUCTS_DIR; };
		"Gzip::system-zlib::Product" /* system_zlib.framework */ = {isa = PBXFileReference; explicitFileType = wrapper.framework; path = system_zlib.framework; sourceTree = BUILT_PRODUCTS_DIR; };
		OBJ_10 /* RecursiveShadowcastingFOVProvider.swift */ = {isa = PBXFileReference; lastKnownFileType = sourcecode.swift; path = RecursiveShadowcastingFOVProvider.swift; sourceTree = "<group>"; };
		OBJ_12 /* Prefab.swift */ = {isa = PBXFileReference; lastKnownFileType = sourcecode.swift; path = Prefab.swift; sourceTree = "<group>"; };
		OBJ_13 /* PurePrefabGenerator.swift */ = {isa = PBXFileReference; lastKnownFileType = sourcecode.swift; path = PurePrefabGenerator.swift; sourceTree = "<group>"; };
		OBJ_14 /* Resources.swift */ = {isa = PBXFileReference; lastKnownFileType = sourcecode.swift; path = Resources.swift; sourceTree = "<group>"; };
		OBJ_16 /* Array2D.swift */ = {isa = PBXFileReference; lastKnownFileType = sourcecode.swift; path = Array2D.swift; sourceTree = "<group>"; };
		OBJ_17 /* BearLibTerminal+Geometry.swift */ = {isa = PBXFileReference; lastKnownFileType = sourcecode.swift; path = "BearLibTerminal+Geometry.swift"; sourceTree = "<group>"; };
		OBJ_18 /* CP437.swift */ = {isa = PBXFileReference; lastKnownFileType = sourcecode.swift; path = CP437.swift; sourceTree = "<group>"; };
		OBJ_19 /* DistanceField.swift */ = {isa = PBXFileReference; lastKnownFileType = sourcecode.swift; path = DistanceField.swift; sourceTree = "<group>"; };
		OBJ_20 /* REXPaintImage+BearLibTerminal.swift */ = {isa = PBXFileReference; lastKnownFileType = sourcecode.swift; path = "REXPaintImage+BearLibTerminal.swift"; sourceTree = "<group>"; };
		OBJ_21 /* REXPaintImage.swift */ = {isa = PBXFileReference; lastKnownFileType = sourcecode.swift; path = REXPaintImage.swift; sourceTree = "<group>"; };
		OBJ_22 /* RKRNG.swift */ = {isa = PBXFileReference; lastKnownFileType = sourcecode.swift; path = RKRNG.swift; sourceTree = "<group>"; };
		OBJ_23 /* SpriteSheet.swift */ = {isa = PBXFileReference; lastKnownFileType = sourcecode.swift; path = SpriteSheet.swift; sourceTree = "<group>"; };
		OBJ_24 /* fovTest.swift */ = {isa = PBXFileReference; lastKnownFileType = sourcecode.swift; path = fovTest.swift; sourceTree = "<group>"; };
		OBJ_25 /* main.swift */ = {isa = PBXFileReference; lastKnownFileType = sourcecode.swift; path = main.swift; sourceTree = "<group>"; };
		OBJ_26 /* test.swift */ = {isa = PBXFileReference; lastKnownFileType = sourcecode.swift; path = test.swift; sourceTree = "<group>"; };
		OBJ_28 /* Binaries */ = {isa = PBXFileReference; lastKnownFileType = folder; path = Binaries; sourceTree = SOURCE_ROOT; };
		OBJ_29 /* Resources */ = {isa = PBXFileReference; lastKnownFileType = folder; path = Resources; sourceTree = SOURCE_ROOT; };
		OBJ_33 /* anchor.c */ = {isa = PBXFileReference; lastKnownFileType = sourcecode.c.c; path = anchor.c; sourceTree = "<group>"; };
		OBJ_35 /* module.modulemap */ = {isa = PBXFileReference; lastKnownFileType = "sourcecode.module-map"; name = module.modulemap; path = "/Users/steve/_d/games/RogueKit/.build/checkouts/GzipSwift.git-2487387372573236187/Sources/system-zlib/include/module.modulemap"; sourceTree = "<group>"; };
		OBJ_37 /* Data+Gzip.swift */ = {isa = PBXFileReference; lastKnownFileType = sourcecode.swift; path = "Data+Gzip.swift"; sourceTree = "<group>"; };
		OBJ_38 /* Package.swift */ = {isa = PBXFileReference; explicitFileType = sourcecode.swift; name = Package.swift; path = "/Users/steve/_d/games/RogueKit/.build/checkouts/GzipSwift.git-2487387372573236187/Package.swift"; sourceTree = "<group>"; };
		OBJ_41 /* BearLibTerminal+constants.swift */ = {isa = PBXFileReference; lastKnownFileType = sourcecode.swift; path = "BearLibTerminal+constants.swift"; sourceTree = "<group>"; };
		OBJ_42 /* BearLibTerminal.swift */ = {isa = PBXFileReference; lastKnownFileType = sourcecode.swift; path = BearLibTerminal.swift; sourceTree = "<group>"; };
		OBJ_43 /* Package.swift */ = {isa = PBXFileReference; explicitFileType = sourcecode.swift; name = Package.swift; path = "/Users/steve/_d/games/RogueKit/.build/checkouts/BearLibTerminal-Swift.git--207320618593063566/Package.swift"; sourceTree = "<group>"; };
		OBJ_6 /* Package.swift */ = {isa = PBXFileReference; explicitFileType = sourcecode.swift; path = Package.swift; sourceTree = "<group>"; };
		"RogueKit::RogueKit::Product" /* RogueKit */ = {isa = PBXFileReference; explicitFileType = "compiled.mach-o.executable"; path = RogueKit; sourceTree = BUILT_PRODUCTS_DIR; };
/* End PBXFileReference section */

/* Begin PBXFrameworksBuildPhase section */
		AA3DA22C2012DD2600A7CA1B /* Frameworks */ = {
			isa = PBXFrameworksBuildPhase;
			buildActionMask = 2147483647;
			files = (
				AA3DA2592012DD7900A7CA1B /* BearLibTerminal.framework in Frameworks */,
				AA3DA2552012DD7900A7CA1B /* system_zlib.framework in Frameworks */,
				AA3DA2772013055800A7CA1B /* libBearLibTerminal.dylib in Frameworks */,
				AA3DA2512012DD7900A7CA1B /* Gzip.framework in Frameworks */,
			);
			runOnlyForDeploymentPostprocessing = 0;
		};
		OBJ_102 /* Frameworks */ = {
			isa = PBXFrameworksBuildPhase;
			buildActionMask = 0;
			files = (
				OBJ_103 /* system_zlib.framework in Frameworks */,
			);
			runOnlyForDeploymentPostprocessing = 0;
		};
		OBJ_110 /* Frameworks */ = {
			isa = PBXFrameworksBuildPhase;
			buildActionMask = 0;
			files = (
			);
			runOnlyForDeploymentPostprocessing = 0;
		};
		OBJ_117 /* Frameworks */ = {
			isa = PBXFrameworksBuildPhase;
			buildActionMask = 0;
			files = (
			);
			runOnlyForDeploymentPostprocessing = 0;
		};
		OBJ_87 /* Frameworks */ = {
			isa = PBXFrameworksBuildPhase;
			buildActionMask = 0;
			files = (
				OBJ_88 /* Gzip.framework in Frameworks */,
				OBJ_89 /* system_zlib.framework in Frameworks */,
				AA3DA2782013055A00A7CA1B /* libBearLibTerminal.dylib in Frameworks */,
				OBJ_90 /* BearLibTerminal.framework in Frameworks */,
			);
			runOnlyForDeploymentPostprocessing = 0;
		};
/* End PBXFrameworksBuildPhase section */

/* Begin PBXGroup section */
		AA3DA221200BEC7F00A7CA1B /* Game */ = {
			isa = PBXGroup;
			children = (
				AA3DA2802015B20C00A7CA1B /* ECS.swift */,
				AA3DA28320163C3700A7CA1B /* ECS+Scratch.swift */,
				AA3DA222200BECAB00A7CA1B /* RandomSeedStore.swift */,
				AA3DA27D2015B1E300A7CA1B /* WorldModel.swift */,
			);
			name = Game;
			path = Sources/RogueKit/Game;
			sourceTree = SOURCE_ROOT;
		};
		AA3DA2302012DD2600A7CA1B /* RogueKitApp */ = {
			isa = PBXGroup;
			children = (
				AA3DA2312012DD2600A7CA1B /* AppDelegate.swift */,
				AA3DA2332012DD2600A7CA1B /* Assets.xcassets */,
				AA3DA2352012DD2600A7CA1B /* MainMenu.xib */,
				AA3DA2382012DD2600A7CA1B /* Info.plist */,
				AA3DA2392012DD2600A7CA1B /* RogueKitApp.entitlements */,
			);
			path = RogueKitApp;
			sourceTree = "<group>";
		};
		AA3DA2402012DD6400A7CA1B /* Frameworks */ = {
			isa = PBXGroup;
			children = (
			);
			name = Frameworks;
			sourceTree = "<group>";
		};
		OBJ_11 /* Map Gen */ = {
			isa = PBXGroup;
			children = (
				AA3DA227200BF72100A7CA1B /* GeneratorReader.swift */,
				AA3DA225200BF4B600A7CA1B /* GeneratorProtocol.swift */,
				OBJ_12 /* Prefab.swift */,
				OBJ_13 /* PurePrefabGenerator.swift */,
			);
			path = "Map Gen";
			sourceTree = "<group>";
		};
		OBJ_15 /* Util */ = {
			isa = PBXGroup;
			children = (
				OBJ_16 /* Array2D.swift */,
				OBJ_17 /* BearLibTerminal+Geometry.swift */,
				OBJ_18 /* CP437.swift */,
				AA0DE9042015723A00CCF61F /* CSV.swift */,
				OBJ_19 /* DistanceField.swift */,
				OBJ_20 /* REXPaintImage+BearLibTerminal.swift */,
				OBJ_21 /* REXPaintImage.swift */,
				AA3DA229200C37BF00A7CA1B /* RKColor.swift */,
				OBJ_22 /* RKRNG.swift */,
				OBJ_23 /* SpriteSheet.swift */,
			);
			path = Util;
			sourceTree = "<group>";
		};
		OBJ_27 /* Tests */ = {
			isa = PBXGroup;
			children = (
			);
			name = Tests;
			sourceTree = SOURCE_ROOT;
		};
		OBJ_30 /* Dependencies */ = {
			isa = PBXGroup;
			children = (
				OBJ_31 /* Gzip 4.0.4 */,
				OBJ_39 /* BearLibTerminal 1.0.1 */,
			);
			name = Dependencies;
			sourceTree = "<group>";
		};
		OBJ_31 /* Gzip 4.0.4 */ = {
			isa = PBXGroup;
			children = (
				OBJ_32 /* system-zlib */,
				OBJ_36 /* Gzip */,
				OBJ_38 /* Package.swift */,
			);
			name = "Gzip 4.0.4";
			sourceTree = SOURCE_ROOT;
		};
		OBJ_32 /* system-zlib */ = {
			isa = PBXGroup;
			children = (
				OBJ_33 /* anchor.c */,
				OBJ_34 /* include */,
			);
			name = "system-zlib";
			path = ".build/checkouts/GzipSwift.git-2487387372573236187/Sources/system-zlib";
			sourceTree = SOURCE_ROOT;
		};
		OBJ_34 /* include */ = {
			isa = PBXGroup;
			children = (
				OBJ_35 /* module.modulemap */,
			);
			path = include;
			sourceTree = "<group>";
		};
		OBJ_36 /* Gzip */ = {
			isa = PBXGroup;
			children = (
				OBJ_37 /* Data+Gzip.swift */,
			);
			name = Gzip;
			path = ".build/checkouts/GzipSwift.git-2487387372573236187/Sources/Gzip";
			sourceTree = SOURCE_ROOT;
		};
		OBJ_39 /* BearLibTerminal 1.0.1 */ = {
			isa = PBXGroup;
			children = (
				OBJ_40 /* BearLibTerminal */,
				OBJ_43 /* Package.swift */,
			);
			name = "BearLibTerminal 1.0.1";
			sourceTree = SOURCE_ROOT;
		};
		OBJ_40 /* BearLibTerminal */ = {
			isa = PBXGroup;
			children = (
				OBJ_41 /* BearLibTerminal+constants.swift */,
				OBJ_42 /* BearLibTerminal.swift */,
			);
			name = BearLibTerminal;
			path = ".build/checkouts/BearLibTerminal-Swift.git--207320618593063566/Sources/BearLibTerminal";
			sourceTree = SOURCE_ROOT;
		};
		OBJ_44 /* Products */ = {
			isa = PBXGroup;
			children = (
				"RogueKit::RogueKit::Product" /* RogueKit */,
				"Gzip::Gzip::Product" /* Gzip.framework */,
				"Gzip::system-zlib::Product" /* system_zlib.framework */,
				"BearLibTerminal::BearLibTerminal::Product" /* BearLibTerminal.framework */,
				AA3DA22F2012DD2600A7CA1B /* RogueKitApp.app */,
			);
			name = Products;
			sourceTree = BUILT_PRODUCTS_DIR;
		};
		OBJ_5 = {
			isa = PBXGroup;
			children = (
				AA3DA2732013045300A7CA1B /* libBearLibTerminal.dylib */,
				AA3DA1F1200BE81200A7CA1B /* Makefile */,
				AA3DA1F0200BE81200A7CA1B /* Package.resolved */,
				AA3DA1EF200BE81200A7CA1B /* Readme.md */,
				AA3DA1F2200BE81300A7CA1B /* sync_resources.sh */,
				OBJ_6 /* Package.swift */,
				OBJ_7 /* Sources */,
				OBJ_27 /* Tests */,
				OBJ_28 /* Binaries */,
				OBJ_29 /* Resources */,
				OBJ_30 /* Dependencies */,
				AA3DA2302012DD2600A7CA1B /* RogueKitApp */,
				OBJ_44 /* Products */,
				AA3DA2402012DD6400A7CA1B /* Frameworks */,
			);
			sourceTree = "<group>";
		};
		OBJ_7 /* Sources */ = {
			isa = PBXGroup;
			children = (
				OBJ_8 /* RogueKit */,
			);
			name = Sources;
			sourceTree = SOURCE_ROOT;
		};
		OBJ_8 /* RogueKit */ = {
			isa = PBXGroup;
			children = (
				AA3DA221200BEC7F00A7CA1B /* Game */,
				OBJ_9 /* Algorithms */,
				OBJ_11 /* Map Gen */,
				AA0DE9012013C87400CCF61F /* LevelMap.swift */,
				OBJ_14 /* Resources.swift */,
				OBJ_15 /* Util */,
				OBJ_24 /* fovTest.swift */,
				OBJ_25 /* main.swift */,
				OBJ_26 /* test.swift */,
			);
			name = RogueKit;
			path = Sources/RogueKit;
			sourceTree = SOURCE_ROOT;
		};
		OBJ_9 /* Algorithms */ = {
			isa = PBXGroup;
			children = (
				OBJ_10 /* RecursiveShadowcastingFOVProvider.swift */,
			);
			path = Algorithms;
			sourceTree = "<group>";
		};
/* End PBXGroup section */

/* Begin PBXLegacyTarget section */
		AA3DA1F4200BE88A00A7CA1B /* Sync Resources */ = {
			isa = PBXLegacyTarget;
			buildArgumentsString = sync_resources.sh;
			buildConfigurationList = AA3DA1F5200BE88A00A7CA1B /* Build configuration list for PBXLegacyTarget "Sync Resources" */;
			buildPhases = (
			);
			buildToolPath = /bin/bash;
			buildWorkingDirectory = "$(SRCROOT)";
			dependencies = (
			);
			name = "Sync Resources";
			passBuildSettingsInEnvironment = 1;
			productName = "Sync Resources";
		};
/* End PBXLegacyTarget section */

/* Begin PBXNativeTarget section */
		AA3DA22E2012DD2600A7CA1B /* RogueKitApp */ = {
			isa = PBXNativeTarget;
			buildConfigurationList = AA3DA23A2012DD2600A7CA1B /* Build configuration list for PBXNativeTarget "RogueKitApp" */;
			buildPhases = (
				AA3DA22B2012DD2600A7CA1B /* Sources */,
				AA3DA22C2012DD2600A7CA1B /* Frameworks */,
				AA3DA22D2012DD2600A7CA1B /* Resources */,
				AA3DA25D2012DD7900A7CA1B /* Embed Frameworks */,
				AA3DA27B2013058B00A7CA1B /* CopyFiles */,
			);
			buildRules = (
			);
			dependencies = (
				AA3DA23F2012DD5300A7CA1B /* PBXTargetDependency */,
				AA3DA2542012DD7900A7CA1B /* PBXTargetDependency */,
				AA3DA2582012DD7900A7CA1B /* PBXTargetDependency */,
				AA3DA25C2012DD7900A7CA1B /* PBXTargetDependency */,
			);
			name = RogueKitApp;
			productName = RogueKitApp;
			productReference = AA3DA22F2012DD2600A7CA1B /* RogueKitApp.app */;
			productType = "com.apple.product-type.application";
		};
		"BearLibTerminal::BearLibTerminal" /* BearLibTerminal */ = {
			isa = PBXNativeTarget;
			buildConfigurationList = OBJ_111 /* Build configuration list for PBXNativeTarget "BearLibTerminal" */;
			buildPhases = (
				OBJ_114 /* Sources */,
				OBJ_117 /* Frameworks */,
				AA3DA2722013044800A7CA1B /* Resources */,
				AA3DA2752013049D00A7CA1B /* CopyFiles */,
			);
			buildRules = (
			);
			dependencies = (
			);
			name = BearLibTerminal;
			productName = BearLibTerminal;
			productReference = "BearLibTerminal::BearLibTerminal::Product" /* BearLibTerminal.framework */;
			productType = "com.apple.product-type.framework";
		};
		"BearLibTerminal::SwiftPMPackageDescription" /* BearLibTerminalPackageDescription */ = {
			isa = PBXNativeTarget;
			buildConfigurationList = OBJ_62 /* Build configuration list for PBXNativeTarget "BearLibTerminalPackageDescription" */;
			buildPhases = (
				OBJ_65 /* Sources */,
			);
			buildRules = (
			);
			dependencies = (
			);
			name = BearLibTerminalPackageDescription;
			productName = BearLibTerminalPackageDescription;
			productType = "com.apple.product-type.framework";
		};
		"Gzip::Gzip" /* Gzip */ = {
			isa = PBXNativeTarget;
			buildConfigurationList = OBJ_97 /* Build configuration list for PBXNativeTarget "Gzip" */;
			buildPhases = (
				OBJ_100 /* Sources */,
				OBJ_102 /* Frameworks */,
			);
			buildRules = (
			);
			dependencies = (
				OBJ_104 /* PBXTargetDependency */,
			);
			name = Gzip;
			productName = Gzip;
			productReference = "Gzip::Gzip::Product" /* Gzip.framework */;
			productType = "com.apple.product-type.framework";
		};
		"Gzip::SwiftPMPackageDescription" /* GzipPackageDescription */ = {
			isa = PBXNativeTarget;
			buildConfigurationList = OBJ_56 /* Build configuration list for PBXNativeTarget "GzipPackageDescription" */;
			buildPhases = (
				OBJ_59 /* Sources */,
			);
			buildRules = (
			);
			dependencies = (
			);
			name = GzipPackageDescription;
			productName = GzipPackageDescription;
			productType = "com.apple.product-type.framework";
		};
		"Gzip::system-zlib" /* system-zlib */ = {
			isa = PBXNativeTarget;
			buildConfigurationList = OBJ_105 /* Build configuration list for PBXNativeTarget "system-zlib" */;
			buildPhases = (
				OBJ_108 /* Sources */,
				OBJ_110 /* Frameworks */,
			);
			buildRules = (
			);
			dependencies = (
			);
			name = "system-zlib";
			productName = system_zlib;
			productReference = "Gzip::system-zlib::Product" /* system_zlib.framework */;
			productType = "com.apple.product-type.framework";
		};
		"RogueKit::RogueKit" /* RogueKit */ = {
			isa = PBXNativeTarget;
			buildConfigurationList = OBJ_68 /* Build configuration list for PBXNativeTarget "RogueKit" */;
			buildPhases = (
				OBJ_71 /* Sources */,
				OBJ_87 /* Frameworks */,
				AA3DA2792013056F00A7CA1B /* CopyFiles */,
			);
			buildRules = (
			);
			dependencies = (
				AA3DA1F9200BE89E00A7CA1B /* PBXTargetDependency */,
				OBJ_91 /* PBXTargetDependency */,
				OBJ_93 /* PBXTargetDependency */,
				OBJ_95 /* PBXTargetDependency */,
			);
			name = RogueKit;
			productName = RogueKit;
			productReference = "RogueKit::RogueKit::Product" /* RogueKit */;
			productType = "com.apple.product-type.tool";
		};
		"RogueKit::SwiftPMPackageDescription" /* RogueKitPackageDescription */ = {
			isa = PBXNativeTarget;
			buildConfigurationList = OBJ_50 /* Build configuration list for PBXNativeTarget "RogueKitPackageDescription" */;
			buildPhases = (
				OBJ_53 /* Sources */,
			);
			buildRules = (
			);
			dependencies = (
			);
			name = RogueKitPackageDescription;
			productName = RogueKitPackageDescription;
			productType = "com.apple.product-type.framework";
		};
/* End PBXNativeTarget section */

/* Begin PBXProject section */
		OBJ_1 /* Project object */ = {
			isa = PBXProject;
			attributes = {
				LastSwiftUpdateCheck = 0920;
				LastUpgradeCheck = 9999;
				TargetAttributes = {
					AA3DA1F4200BE88A00A7CA1B = {
						CreatedOnToolsVersion = 9.2;
						DevelopmentTeam = 9TC4EP6SEE;
						ProvisioningStyle = Automatic;
					};
					AA3DA22E2012DD2600A7CA1B = {
						CreatedOnToolsVersion = 9.2;
						DevelopmentTeam = 9TC4EP6SEE;
						ProvisioningStyle = Automatic;
					};
					"BearLibTerminal::BearLibTerminal" = {
						DevelopmentTeam = 9TC4EP6SEE;
					};
					"Gzip::Gzip" = {
						DevelopmentTeam = 9TC4EP6SEE;
					};
					"Gzip::system-zlib" = {
						DevelopmentTeam = 9TC4EP6SEE;
					};
				};
			};
			buildConfigurationList = OBJ_2 /* Build configuration list for PBXProject "RogueKit" */;
			compatibilityVersion = "Xcode 3.2";
			developmentRegion = English;
			hasScannedForEncodings = 0;
			knownRegions = (
				en,
				Base,
			);
			mainGroup = OBJ_5;
			productRefGroup = OBJ_44 /* Products */;
			projectDirPath = "";
			projectRoot = "";
			targets = (
				"RogueKit::SwiftPMPackageDescription" /* RogueKitPackageDescription */,
				"Gzip::SwiftPMPackageDescription" /* GzipPackageDescription */,
				"BearLibTerminal::SwiftPMPackageDescription" /* BearLibTerminalPackageDescription */,
				"RogueKit::RogueKit" /* RogueKit */,
				"Gzip::Gzip" /* Gzip */,
				"Gzip::system-zlib" /* system-zlib */,
				"BearLibTerminal::BearLibTerminal" /* BearLibTerminal */,
				"RogueKit::RogueKit Demo::ProductTarget" /* RogueKit Demo */,
				AA3DA1F4200BE88A00A7CA1B /* Sync Resources */,
				AA3DA22E2012DD2600A7CA1B /* RogueKitApp */,
			);
		};
/* End PBXProject section */

/* Begin PBXResourcesBuildPhase section */
		AA3DA22D2012DD2600A7CA1B /* Resources */ = {
			isa = PBXResourcesBuildPhase;
			buildActionMask = 2147483647;
			files = (
				AA3DA2342012DD2600A7CA1B /* Assets.xcassets in Resources */,
				AA3DA2372012DD2600A7CA1B /* MainMenu.xib in Resources */,
				AA3DA23D2012DD4500A7CA1B /* Resources in Resources */,
			);
			runOnlyForDeploymentPostprocessing = 0;
		};
		AA3DA2722013044800A7CA1B /* Resources */ = {
			isa = PBXResourcesBuildPhase;
			buildActionMask = 2147483647;
			files = (
				AA3DA2742013045300A7CA1B /* libBearLibTerminal.dylib in Resources */,
			);
			runOnlyForDeploymentPostprocessing = 0;
		};
/* End PBXResourcesBuildPhase section */

/* Begin PBXSourcesBuildPhase section */
		AA3DA22B2012DD2600A7CA1B /* Sources */ = {
			isa = PBXSourcesBuildPhase;
			buildActionMask = 2147483647;
			files = (
				AA3DA2322012DD2600A7CA1B /* AppDelegate.swift in Sources */,
				AA3DA2652012DE0300A7CA1B /* Array2D.swift in Sources */,
				AA3DA26E2012DE0300A7CA1B /* main.swift in Sources */,
				AA3DA25E2012DE0300A7CA1B /* RandomSeedStore.swift in Sources */,
				AA0DE9032013C87400CCF61F /* LevelMap.swift in Sources */,
				AA3DA26D2012DE0300A7CA1B /* RKColor.swift in Sources */,
				AA3DA2632012DE0300A7CA1B /* PurePrefabGenerator.swift in Sources */,
				AA3DA2692012DE0300A7CA1B /* REXPaintImage+BearLibTerminal.swift in Sources */,
				AA3DA28520163C3700A7CA1B /* ECS+Scratch.swift in Sources */,
				AA3DA26B2012DE0300A7CA1B /* RKRNG.swift in Sources */,
				AA3DA2602012DE0300A7CA1B /* GeneratorReader.swift in Sources */,
				AA3DA2662012DE0300A7CA1B /* BearLibTerminal+Geometry.swift in Sources */,
				AA3DA2822015B20C00A7CA1B /* ECS.swift in Sources */,
				AA3DA2622012DE0300A7CA1B /* Prefab.swift in Sources */,
				AA0DE9062015723A00CCF61F /* CSV.swift in Sources */,
				AA3DA2642012DE0300A7CA1B /* Resources.swift in Sources */,
				AA3DA2672012DE0300A7CA1B /* CP437.swift in Sources */,
				AA3DA2682012DE0300A7CA1B /* DistanceField.swift in Sources */,
				AA3DA27F2015B1E300A7CA1B /* WorldModel.swift in Sources */,
				AA3DA26C2012DE0300A7CA1B /* SpriteSheet.swift in Sources */,
				AA3DA2612012DE0300A7CA1B /* GeneratorProtocol.swift in Sources */,
				AA3DA26A2012DE0300A7CA1B /* REXPaintImage.swift in Sources */,
				AA3DA25F2012DE0300A7CA1B /* RecursiveShadowcastingFOVProvider.swift in Sources */,
			);
			runOnlyForDeploymentPostprocessing = 0;
		};
		OBJ_100 /* Sources */ = {
			isa = PBXSourcesBuildPhase;
			buildActionMask = 0;
			files = (
				OBJ_101 /* Data+Gzip.swift in Sources */,
			);
			runOnlyForDeploymentPostprocessing = 0;
		};
		OBJ_108 /* Sources */ = {
			isa = PBXSourcesBuildPhase;
			buildActionMask = 0;
			files = (
				OBJ_109 /* anchor.c in Sources */,
			);
			runOnlyForDeploymentPostprocessing = 0;
		};
		OBJ_114 /* Sources */ = {
			isa = PBXSourcesBuildPhase;
			buildActionMask = 0;
			files = (
				OBJ_115 /* BearLibTerminal+constants.swift in Sources */,
				OBJ_116 /* BearLibTerminal.swift in Sources */,
			);
			runOnlyForDeploymentPostprocessing = 0;
		};
		OBJ_53 /* Sources */ = {
			isa = PBXSourcesBuildPhase;
			buildActionMask = 0;
			files = (
				AA3DA1F3200BE81300A7CA1B /* Makefile in Sources */,
				OBJ_54 /* Package.swift in Sources */,
			);
			runOnlyForDeploymentPostprocessing = 0;
		};
		OBJ_59 /* Sources */ = {
			isa = PBXSourcesBuildPhase;
			buildActionMask = 0;
			files = (
				OBJ_60 /* Package.swift in Sources */,
			);
			runOnlyForDeploymentPostprocessing = 0;
		};
		OBJ_65 /* Sources */ = {
			isa = PBXSourcesBuildPhase;
			buildActionMask = 0;
			files = (
				OBJ_66 /* Package.swift in Sources */,
			);
			runOnlyForDeploymentPostprocessing = 0;
		};
		OBJ_71 /* Sources */ = {
			isa = PBXSourcesBuildPhase;
			buildActionMask = 0;
			files = (
				OBJ_72 /* RecursiveShadowcastingFOVProvider.swift in Sources */,
				OBJ_73 /* Prefab.swift in Sources */,
				OBJ_74 /* PurePrefabGenerator.swift in Sources */,
				OBJ_75 /* Resources.swift in Sources */,
				AA3DA27E2015B1E300A7CA1B /* WorldModel.swift in Sources */,
				OBJ_76 /* Array2D.swift in Sources */,
				AA0DE9052015723A00CCF61F /* CSV.swift in Sources */,
				OBJ_77 /* BearLibTerminal+Geometry.swift in Sources */,
				AA3DA228200BF72100A7CA1B /* GeneratorReader.swift in Sources */,
				OBJ_78 /* CP437.swift in Sources */,
				OBJ_79 /* DistanceField.swift in Sources */,
				OBJ_80 /* REXPaintImage+BearLibTerminal.swift in Sources */,
				OBJ_81 /* REXPaintImage.swift in Sources */,
				AA0DE9022013C87400CCF61F /* LevelMap.swift in Sources */,
				OBJ_82 /* RKRNG.swift in Sources */,
				AA3DA22A200C37BF00A7CA1B /* RKColor.swift in Sources */,
				OBJ_83 /* SpriteSheet.swift in Sources */,
				AA3DA226200BF4B600A7CA1B /* GeneratorProtocol.swift in Sources */,
				AA3DA28420163C3700A7CA1B /* ECS+Scratch.swift in Sources */,
				OBJ_84 /* fovTest.swift in Sources */,
				OBJ_85 /* main.swift in Sources */,
				AA3DA2812015B20C00A7CA1B /* ECS.swift in Sources */,
				OBJ_86 /* test.swift in Sources */,
				AA3DA224200BECAF00A7CA1B /* RandomSeedStore.swift in Sources */,
			);
			runOnlyForDeploymentPostprocessing = 0;
		};
/* End PBXSourcesBuildPhase section */

/* Begin PBXTargetDependency section */
		AA3DA1F9200BE89E00A7CA1B /* PBXTargetDependency */ = {
			isa = PBXTargetDependency;
			target = AA3DA1F4200BE88A00A7CA1B /* Sync Resources */;
			targetProxy = AA3DA1F8200BE89E00A7CA1B /* PBXContainerItemProxy */;
		};
		AA3DA23F2012DD5300A7CA1B /* PBXTargetDependency */ = {
			isa = PBXTargetDependency;
			target = "RogueKit::RogueKit" /* RogueKit */;
			targetProxy = AA3DA23E2012DD5300A7CA1B /* PBXContainerItemProxy */;
		};
		AA3DA2542012DD7900A7CA1B /* PBXTargetDependency */ = {
			isa = PBXTargetDependency;
			target = "Gzip::Gzip" /* Gzip */;
			targetProxy = AA3DA2532012DD7900A7CA1B /* PBXContainerItemProxy */;
		};
		AA3DA2582012DD7900A7CA1B /* PBXTargetDependency */ = {
			isa = PBXTargetDependency;
			target = "Gzip::system-zlib" /* system-zlib */;
			targetProxy = AA3DA2572012DD7900A7CA1B /* PBXContainerItemProxy */;
		};
		AA3DA25C2012DD7900A7CA1B /* PBXTargetDependency */ = {
			isa = PBXTargetDependency;
			target = "BearLibTerminal::BearLibTerminal" /* BearLibTerminal */;
			targetProxy = AA3DA25B2012DD7900A7CA1B /* PBXContainerItemProxy */;
		};
		OBJ_104 /* PBXTargetDependency */ = {
			isa = PBXTargetDependency;
			target = "Gzip::system-zlib" /* system-zlib */;
			targetProxy = AA3DA1EB200BE66800A7CA1B /* PBXContainerItemProxy */;
		};
		OBJ_122 /* PBXTargetDependency */ = {
			isa = PBXTargetDependency;
			target = "RogueKit::RogueKit" /* RogueKit */;
			targetProxy = AA3DA1EE200BE66800A7CA1B /* PBXContainerItemProxy */;
		};
		OBJ_91 /* PBXTargetDependency */ = {
			isa = PBXTargetDependency;
			target = "Gzip::Gzip" /* Gzip */;
			targetProxy = AA3DA1EA200BE66800A7CA1B /* PBXContainerItemProxy */;
		};
		OBJ_93 /* PBXTargetDependency */ = {
			isa = PBXTargetDependency;
			target = "Gzip::system-zlib" /* system-zlib */;
			targetProxy = AA3DA1EC200BE66800A7CA1B /* PBXContainerItemProxy */;
		};
		OBJ_95 /* PBXTargetDependency */ = {
			isa = PBXTargetDependency;
			target = "BearLibTerminal::BearLibTerminal" /* BearLibTerminal */;
			targetProxy = AA3DA1ED200BE66800A7CA1B /* PBXContainerItemProxy */;
		};
/* End PBXTargetDependency section */

/* Begin PBXVariantGroup section */
		AA3DA2352012DD2600A7CA1B /* MainMenu.xib */ = {
			isa = PBXVariantGroup;
			children = (
				AA3DA2362012DD2600A7CA1B /* Base */,
			);
			name = MainMenu.xib;
			sourceTree = "<group>";
		};
/* End PBXVariantGroup section */

/* Begin XCBuildConfiguration section */
		AA3DA1F6200BE88A00A7CA1B /* Debug */ = {
			isa = XCBuildConfiguration;
			buildSettings = {
				ALWAYS_SEARCH_USER_PATHS = NO;
				CLANG_ANALYZER_NONNULL = YES;
				CLANG_ANALYZER_NUMBER_OBJECT_CONVERSION = YES_AGGRESSIVE;
				CLANG_CXX_LANGUAGE_STANDARD = "gnu++14";
				CLANG_CXX_LIBRARY = "libc++";
				CLANG_ENABLE_MODULES = YES;
				CLANG_WARN_BLOCK_CAPTURE_AUTORELEASING = YES;
				CLANG_WARN_BOOL_CONVERSION = YES;
				CLANG_WARN_COMMA = YES;
				CLANG_WARN_CONSTANT_CONVERSION = YES;
				CLANG_WARN_DIRECT_OBJC_ISA_USAGE = YES_ERROR;
				CLANG_WARN_DOCUMENTATION_COMMENTS = YES;
				CLANG_WARN_EMPTY_BODY = YES;
				CLANG_WARN_ENUM_CONVERSION = YES;
				CLANG_WARN_INFINITE_RECURSION = YES;
				CLANG_WARN_INT_CONVERSION = YES;
				CLANG_WARN_NON_LITERAL_NULL_CONVERSION = YES;
				CLANG_WARN_OBJC_LITERAL_CONVERSION = YES;
				CLANG_WARN_OBJC_ROOT_CLASS = YES_ERROR;
				CLANG_WARN_RANGE_LOOP_ANALYSIS = YES;
				CLANG_WARN_STRICT_PROTOTYPES = YES;
				CLANG_WARN_SUSPICIOUS_MOVE = YES;
				CLANG_WARN_UNGUARDED_AVAILABILITY = YES_AGGRESSIVE;
				CLANG_WARN_UNREACHABLE_CODE = YES;
				CLANG_WARN__DUPLICATE_METHOD_MATCH = YES;
				CODE_SIGN_STYLE = Automatic;
				DEBUGGING_SYMBOLS = YES;
				DEBUG_INFORMATION_FORMAT = dwarf;
				DEVELOPMENT_TEAM = 9TC4EP6SEE;
				ENABLE_STRICT_OBJC_MSGSEND = YES;
				ENABLE_TESTABILITY = YES;
				GCC_C_LANGUAGE_STANDARD = gnu11;
				GCC_DYNAMIC_NO_PIC = NO;
				GCC_GENERATE_DEBUGGING_SYMBOLS = YES;
				GCC_NO_COMMON_BLOCKS = YES;
				GCC_OPTIMIZATION_LEVEL = 0;
				GCC_PREPROCESSOR_DEFINITIONS = (
					"DEBUG=1",
					"$(inherited)",
				);
				GCC_WARN_64_TO_32_BIT_CONVERSION = YES;
				GCC_WARN_ABOUT_RETURN_TYPE = YES_ERROR;
				GCC_WARN_UNDECLARED_SELECTOR = YES;
				GCC_WARN_UNINITIALIZED_AUTOS = YES_AGGRESSIVE;
				GCC_WARN_UNUSED_FUNCTION = YES;
				GCC_WARN_UNUSED_VARIABLE = YES;
				MTL_ENABLE_DEBUG_INFO = YES;
				OTHER_CFLAGS = "";
				OTHER_LDFLAGS = "";
				PRODUCT_NAME = "$(TARGET_NAME)";
			};
			name = Debug;
		};
		AA3DA1F7200BE88A00A7CA1B /* Release */ = {
			isa = XCBuildConfiguration;
			buildSettings = {
				ALWAYS_SEARCH_USER_PATHS = NO;
				CLANG_ANALYZER_NONNULL = YES;
				CLANG_ANALYZER_NUMBER_OBJECT_CONVERSION = YES_AGGRESSIVE;
				CLANG_CXX_LANGUAGE_STANDARD = "gnu++14";
				CLANG_CXX_LIBRARY = "libc++";
				CLANG_ENABLE_MODULES = YES;
				CLANG_WARN_BLOCK_CAPTURE_AUTORELEASING = YES;
				CLANG_WARN_BOOL_CONVERSION = YES;
				CLANG_WARN_COMMA = YES;
				CLANG_WARN_CONSTANT_CONVERSION = YES;
				CLANG_WARN_DIRECT_OBJC_ISA_USAGE = YES_ERROR;
				CLANG_WARN_DOCUMENTATION_COMMENTS = YES;
				CLANG_WARN_EMPTY_BODY = YES;
				CLANG_WARN_ENUM_CONVERSION = YES;
				CLANG_WARN_INFINITE_RECURSION = YES;
				CLANG_WARN_INT_CONVERSION = YES;
				CLANG_WARN_NON_LITERAL_NULL_CONVERSION = YES;
				CLANG_WARN_OBJC_LITERAL_CONVERSION = YES;
				CLANG_WARN_OBJC_ROOT_CLASS = YES_ERROR;
				CLANG_WARN_RANGE_LOOP_ANALYSIS = YES;
				CLANG_WARN_STRICT_PROTOTYPES = YES;
				CLANG_WARN_SUSPICIOUS_MOVE = YES;
				CLANG_WARN_UNGUARDED_AVAILABILITY = YES_AGGRESSIVE;
				CLANG_WARN_UNREACHABLE_CODE = YES;
				CLANG_WARN__DUPLICATE_METHOD_MATCH = YES;
				CODE_SIGN_STYLE = Automatic;
				COPY_PHASE_STRIP = NO;
				DEBUG_INFORMATION_FORMAT = "dwarf-with-dsym";
				DEVELOPMENT_TEAM = 9TC4EP6SEE;
				ENABLE_NS_ASSERTIONS = NO;
				ENABLE_STRICT_OBJC_MSGSEND = YES;
				GCC_C_LANGUAGE_STANDARD = gnu11;
				GCC_NO_COMMON_BLOCKS = YES;
				GCC_WARN_64_TO_32_BIT_CONVERSION = YES;
				GCC_WARN_ABOUT_RETURN_TYPE = YES_ERROR;
				GCC_WARN_UNDECLARED_SELECTOR = YES;
				GCC_WARN_UNINITIALIZED_AUTOS = YES_AGGRESSIVE;
				GCC_WARN_UNUSED_FUNCTION = YES;
				GCC_WARN_UNUSED_VARIABLE = YES;
				MTL_ENABLE_DEBUG_INFO = NO;
				OTHER_CFLAGS = "";
				OTHER_LDFLAGS = "";
				PRODUCT_NAME = "$(TARGET_NAME)";
			};
			name = Release;
		};
		AA3DA23B2012DD2600A7CA1B /* Debug */ = {
			isa = XCBuildConfiguration;
			buildSettings = {
				ALWAYS_EMBED_SWIFT_STANDARD_LIBRARIES = YES;
				ALWAYS_SEARCH_USER_PATHS = NO;
				ASSETCATALOG_COMPILER_APPICON_NAME = AppIcon;
				CLANG_ANALYZER_NONNULL = YES;
				CLANG_ANALYZER_NUMBER_OBJECT_CONVERSION = YES_AGGRESSIVE;
				CLANG_CXX_LANGUAGE_STANDARD = "gnu++14";
				CLANG_CXX_LIBRARY = "libc++";
				CLANG_ENABLE_MODULES = YES;
				CLANG_WARN_BLOCK_CAPTURE_AUTORELEASING = YES;
				CLANG_WARN_BOOL_CONVERSION = YES;
				CLANG_WARN_COMMA = YES;
				CLANG_WARN_CONSTANT_CONVERSION = YES;
				CLANG_WARN_DIRECT_OBJC_ISA_USAGE = YES_ERROR;
				CLANG_WARN_DOCUMENTATION_COMMENTS = YES;
				CLANG_WARN_EMPTY_BODY = YES;
				CLANG_WARN_ENUM_CONVERSION = YES;
				CLANG_WARN_INFINITE_RECURSION = YES;
				CLANG_WARN_INT_CONVERSION = YES;
				CLANG_WARN_NON_LITERAL_NULL_CONVERSION = YES;
				CLANG_WARN_OBJC_LITERAL_CONVERSION = YES;
				CLANG_WARN_OBJC_ROOT_CLASS = YES_ERROR;
				CLANG_WARN_RANGE_LOOP_ANALYSIS = YES;
				CLANG_WARN_STRICT_PROTOTYPES = YES;
				CLANG_WARN_SUSPICIOUS_MOVE = YES;
				CLANG_WARN_UNGUARDED_AVAILABILITY = YES_AGGRESSIVE;
				CLANG_WARN_UNREACHABLE_CODE = YES;
				CLANG_WARN__DUPLICATE_METHOD_MATCH = YES;
				CODE_SIGN_ENTITLEMENTS = RogueKitApp/RogueKitApp.entitlements;
				CODE_SIGN_IDENTITY = "Mac Developer";
				CODE_SIGN_STYLE = Automatic;
				COMBINE_HIDPI_IMAGES = YES;
				DEVELOPMENT_TEAM = 9TC4EP6SEE;
				ENABLE_STRICT_OBJC_MSGSEND = YES;
				ENABLE_TESTABILITY = YES;
				GCC_C_LANGUAGE_STANDARD = gnu11;
				GCC_DYNAMIC_NO_PIC = NO;
				GCC_NO_COMMON_BLOCKS = YES;
				GCC_PREPROCESSOR_DEFINITIONS = (
					"DEBUG=1",
					"$(inherited)",
				);
				GCC_WARN_64_TO_32_BIT_CONVERSION = YES;
				GCC_WARN_ABOUT_RETURN_TYPE = YES_ERROR;
				GCC_WARN_UNDECLARED_SELECTOR = YES;
				GCC_WARN_UNINITIALIZED_AUTOS = YES_AGGRESSIVE;
				GCC_WARN_UNUSED_FUNCTION = YES;
				GCC_WARN_UNUSED_VARIABLE = YES;
				HEADER_SEARCH_PATHS = (
					"$(inherited)",
					"$(SRCROOT)/.build/checkouts/GzipSwift.git-2487387372573236187/Sources/system-zlib/include",
					"$(SRCROOT)/.build/checkouts/CBearLibTerminal.git-8135638892736904310",
				);
				INFOPLIST_FILE = RogueKitApp/Info.plist;
				LD_RUNPATH_SEARCH_PATHS = "$(inherited) @executable_path/../Frameworks";
				LIBRARY_SEARCH_PATHS = (
					"$(inherited)",
					"$(PROJECT_DIR)/Binaries",
				);
				MACOSX_DEPLOYMENT_TARGET = 10.12;
				MTL_ENABLE_DEBUG_INFO = YES;
				OTHER_SWIFT_FLAGS = "-DXcode -Xcc -fmodule-map-file=$(SRCROOT)/.build/checkouts/GzipSwift.git-2487387372573236187/Sources/system-zlib/include/module.modulemap";
				PRODUCT_BUNDLE_IDENTIFIER = com.steveasleep.RogueKitApp;
				PRODUCT_NAME = "$(TARGET_NAME)";
				SWIFT_ACTIVE_COMPILATION_CONDITIONS = DEBUG;
				SWIFT_VERSION = 4.0;
			};
			name = Debug;
		};
		AA3DA23C2012DD2600A7CA1B /* Release */ = {
			isa = XCBuildConfiguration;
			buildSettings = {
				ALWAYS_EMBED_SWIFT_STANDARD_LIBRARIES = YES;
				ALWAYS_SEARCH_USER_PATHS = NO;
				ASSETCATALOG_COMPILER_APPICON_NAME = AppIcon;
				CLANG_ANALYZER_NONNULL = YES;
				CLANG_ANALYZER_NUMBER_OBJECT_CONVERSION = YES_AGGRESSIVE;
				CLANG_CXX_LANGUAGE_STANDARD = "gnu++14";
				CLANG_CXX_LIBRARY = "libc++";
				CLANG_ENABLE_MODULES = YES;
				CLANG_WARN_BLOCK_CAPTURE_AUTORELEASING = YES;
				CLANG_WARN_BOOL_CONVERSION = YES;
				CLANG_WARN_COMMA = YES;
				CLANG_WARN_CONSTANT_CONVERSION = YES;
				CLANG_WARN_DIRECT_OBJC_ISA_USAGE = YES_ERROR;
				CLANG_WARN_DOCUMENTATION_COMMENTS = YES;
				CLANG_WARN_EMPTY_BODY = YES;
				CLANG_WARN_ENUM_CONVERSION = YES;
				CLANG_WARN_INFINITE_RECURSION = YES;
				CLANG_WARN_INT_CONVERSION = YES;
				CLANG_WARN_NON_LITERAL_NULL_CONVERSION = YES;
				CLANG_WARN_OBJC_LITERAL_CONVERSION = YES;
				CLANG_WARN_OBJC_ROOT_CLASS = YES_ERROR;
				CLANG_WARN_RANGE_LOOP_ANALYSIS = YES;
				CLANG_WARN_STRICT_PROTOTYPES = YES;
				CLANG_WARN_SUSPICIOUS_MOVE = YES;
				CLANG_WARN_UNGUARDED_AVAILABILITY = YES_AGGRESSIVE;
				CLANG_WARN_UNREACHABLE_CODE = YES;
				CLANG_WARN__DUPLICATE_METHOD_MATCH = YES;
				CODE_SIGN_ENTITLEMENTS = RogueKitApp/RogueKitApp.entitlements;
				CODE_SIGN_IDENTITY = "Mac Developer";
				CODE_SIGN_STYLE = Automatic;
				COMBINE_HIDPI_IMAGES = YES;
				COPY_PHASE_STRIP = NO;
				DEVELOPMENT_TEAM = 9TC4EP6SEE;
				ENABLE_NS_ASSERTIONS = NO;
				ENABLE_STRICT_OBJC_MSGSEND = YES;
				GCC_C_LANGUAGE_STANDARD = gnu11;
				GCC_NO_COMMON_BLOCKS = YES;
				GCC_WARN_64_TO_32_BIT_CONVERSION = YES;
				GCC_WARN_ABOUT_RETURN_TYPE = YES_ERROR;
				GCC_WARN_UNDECLARED_SELECTOR = YES;
				GCC_WARN_UNINITIALIZED_AUTOS = YES_AGGRESSIVE;
				GCC_WARN_UNUSED_FUNCTION = YES;
				GCC_WARN_UNUSED_VARIABLE = YES;
				HEADER_SEARCH_PATHS = (
					"$(inherited)",
					"$(SRCROOT)/.build/checkouts/GzipSwift.git-2487387372573236187/Sources/system-zlib/include",
					"$(SRCROOT)/.build/checkouts/CBearLibTerminal.git-8135638892736904310",
				);
				INFOPLIST_FILE = RogueKitApp/Info.plist;
				LD_RUNPATH_SEARCH_PATHS = "$(inherited) @executable_path/../Frameworks";
				LIBRARY_SEARCH_PATHS = (
					"$(inherited)",
					"$(PROJECT_DIR)/Binaries",
				);
				MACOSX_DEPLOYMENT_TARGET = 10.12;
				MTL_ENABLE_DEBUG_INFO = NO;
				OTHER_SWIFT_FLAGS = "-DXcode -Xcc -fmodule-map-file=$(SRCROOT)/.build/checkouts/GzipSwift.git-2487387372573236187/Sources/system-zlib/include/module.modulemap";
				PRODUCT_BUNDLE_IDENTIFIER = com.steveasleep.RogueKitApp;
				PRODUCT_NAME = "$(TARGET_NAME)";
				SWIFT_VERSION = 4.0;
			};
			name = Release;
		};
		OBJ_106 /* Debug */ = {
			isa = XCBuildConfiguration;
			buildSettings = {
				CODE_SIGN_IDENTITY = "Mac Developer";
				DEFINES_MODULE = NO;
				DEVELOPMENT_TEAM = 9TC4EP6SEE;
				ENABLE_TESTABILITY = YES;
				FRAMEWORK_SEARCH_PATHS = (
					"$(inherited)",
					"$(PLATFORM_DIR)/Developer/Library/Frameworks",
				);
				HEADER_SEARCH_PATHS = (
					"$(inherited)",
					"$(SRCROOT)/.build/checkouts/GzipSwift.git-2487387372573236187/Sources/system-zlib/include",
				);
				INFOPLIST_FILE = RogueKit.xcodeproj/system_zlib_Info.plist;
				LD_RUNPATH_SEARCH_PATHS = "$(TOOLCHAIN_DIR)/usr/lib/swift/macosx";
				OTHER_LDFLAGS = "$(inherited)";
				OTHER_SWIFT_FLAGS = "$(inherited)";
				PRODUCT_BUNDLE_IDENTIFIER = "system-zlib";
				PRODUCT_MODULE_NAME = "$(TARGET_NAME:c99extidentifier)";
				PRODUCT_NAME = "$(TARGET_NAME:c99extidentifier)";
				SKIP_INSTALL = YES;
				TARGET_NAME = "system-zlib";
			};
			name = Debug;
		};
		OBJ_107 /* Release */ = {
			isa = XCBuildConfiguration;
			buildSettings = {
				CODE_SIGN_IDENTITY = "Mac Developer";
				DEFINES_MODULE = NO;
				DEVELOPMENT_TEAM = 9TC4EP6SEE;
				ENABLE_TESTABILITY = YES;
				FRAMEWORK_SEARCH_PATHS = (
					"$(inherited)",
					"$(PLATFORM_DIR)/Developer/Library/Frameworks",
				);
				HEADER_SEARCH_PATHS = (
					"$(inherited)",
					"$(SRCROOT)/.build/checkouts/GzipSwift.git-2487387372573236187/Sources/system-zlib/include",
				);
				INFOPLIST_FILE = RogueKit.xcodeproj/system_zlib_Info.plist;
				LD_RUNPATH_SEARCH_PATHS = "$(TOOLCHAIN_DIR)/usr/lib/swift/macosx";
				OTHER_LDFLAGS = "$(inherited)";
				OTHER_SWIFT_FLAGS = "$(inherited)";
				PRODUCT_BUNDLE_IDENTIFIER = "system-zlib";
				PRODUCT_MODULE_NAME = "$(TARGET_NAME:c99extidentifier)";
				PRODUCT_NAME = "$(TARGET_NAME:c99extidentifier)";
				SKIP_INSTALL = YES;
				TARGET_NAME = "system-zlib";
			};
			name = Release;
		};
		OBJ_112 /* Debug */ = {
			isa = XCBuildConfiguration;
			buildSettings = {
				CODE_SIGN_IDENTITY = "Mac Developer";
				DEVELOPMENT_TEAM = 9TC4EP6SEE;
				ENABLE_TESTABILITY = YES;
				FRAMEWORK_SEARCH_PATHS = (
					"$(inherited)",
					"$(PLATFORM_DIR)/Developer/Library/Frameworks",
				);
				HEADER_SEARCH_PATHS = (
					"$(inherited)",
					"$(SRCROOT)/.build/checkouts/CBearLibTerminal.git-8135638892736904310",
				);
				INFOPLIST_FILE = RogueKit.xcodeproj/BearLibTerminal_Info.plist;
				LD_RUNPATH_SEARCH_PATHS = "$(TOOLCHAIN_DIR)/usr/lib/swift/macosx";
				LIBRARY_SEARCH_PATHS = (
					"$(SRCROOT)/Binaries",
					"$(PROJECT_DIR)",
				);
				OTHER_LDFLAGS = "$(inherited)";
				OTHER_SWIFT_FLAGS = "$(inherited)";
				PRODUCT_BUNDLE_IDENTIFIER = BearLibTerminal;
				PRODUCT_MODULE_NAME = "$(TARGET_NAME:c99extidentifier)";
				PRODUCT_NAME = "$(TARGET_NAME:c99extidentifier)";
				SKIP_INSTALL = YES;
				SWIFT_VERSION = 4.0;
				TARGET_NAME = BearLibTerminal;
			};
			name = Debug;
		};
		OBJ_113 /* Release */ = {
			isa = XCBuildConfiguration;
			buildSettings = {
				CODE_SIGN_IDENTITY = "Mac Developer";
				DEVELOPMENT_TEAM = 9TC4EP6SEE;
				ENABLE_TESTABILITY = YES;
				FRAMEWORK_SEARCH_PATHS = (
					"$(inherited)",
					"$(PLATFORM_DIR)/Developer/Library/Frameworks",
				);
				HEADER_SEARCH_PATHS = (
					"$(inherited)",
					"$(SRCROOT)/.build/checkouts/CBearLibTerminal.git-8135638892736904310",
				);
				INFOPLIST_FILE = RogueKit.xcodeproj/BearLibTerminal_Info.plist;
				LD_RUNPATH_SEARCH_PATHS = "$(TOOLCHAIN_DIR)/usr/lib/swift/macosx";
				LIBRARY_SEARCH_PATHS = (
					"$(SRCROOT)/Binaries",
					"$(PROJECT_DIR)",
				);
				OTHER_LDFLAGS = "$(inherited)";
				OTHER_SWIFT_FLAGS = "$(inherited)";
				PRODUCT_BUNDLE_IDENTIFIER = BearLibTerminal;
				PRODUCT_MODULE_NAME = "$(TARGET_NAME:c99extidentifier)";
				PRODUCT_NAME = "$(TARGET_NAME:c99extidentifier)";
				SKIP_INSTALL = YES;
				SWIFT_VERSION = 4.0;
				TARGET_NAME = BearLibTerminal;
			};
			name = Release;
		};
		OBJ_120 /* Debug */ = {
			isa = XCBuildConfiguration;
			buildSettings = {
			};
			name = Debug;
		};
		OBJ_121 /* Release */ = {
			isa = XCBuildConfiguration;
			buildSettings = {
			};
			name = Release;
		};
		OBJ_3 /* Debug */ = {
			isa = XCBuildConfiguration;
			buildSettings = {
				CLANG_ENABLE_OBJC_ARC = YES;
				COMBINE_HIDPI_IMAGES = YES;
				COPY_PHASE_STRIP = NO;
				DEBUG_INFORMATION_FORMAT = dwarf;
				DYLIB_INSTALL_NAME_BASE = "@rpath";
				ENABLE_NS_ASSERTIONS = YES;
				GCC_OPTIMIZATION_LEVEL = 0;
				MACOSX_DEPLOYMENT_TARGET = 10.10;
				ONLY_ACTIVE_ARCH = YES;
				OTHER_SWIFT_FLAGS = "-DXcode";
				PRODUCT_NAME = "$(TARGET_NAME)";
				SDKROOT = macosx;
				SUPPORTED_PLATFORMS = "macosx iphoneos iphonesimulator appletvos appletvsimulator watchos watchsimulator";
				SWIFT_ACTIVE_COMPILATION_CONDITIONS = SWIFT_PACKAGE;
				SWIFT_OPTIMIZATION_LEVEL = "-Onone";
				USE_HEADERMAP = NO;
			};
			name = Debug;
		};
		OBJ_4 /* Release */ = {
			isa = XCBuildConfiguration;
			buildSettings = {
				CLANG_ENABLE_OBJC_ARC = YES;
				COMBINE_HIDPI_IMAGES = YES;
				COPY_PHASE_STRIP = YES;
				DEBUG_INFORMATION_FORMAT = "dwarf-with-dsym";
				DYLIB_INSTALL_NAME_BASE = "@rpath";
				GCC_OPTIMIZATION_LEVEL = s;
				MACOSX_DEPLOYMENT_TARGET = 10.10;
				OTHER_SWIFT_FLAGS = "-DXcode";
				PRODUCT_NAME = "$(TARGET_NAME)";
				SDKROOT = macosx;
				SUPPORTED_PLATFORMS = "macosx iphoneos iphonesimulator appletvos appletvsimulator watchos watchsimulator";
				SWIFT_ACTIVE_COMPILATION_CONDITIONS = SWIFT_PACKAGE;
				SWIFT_OPTIMIZATION_LEVEL = "-Owholemodule";
				USE_HEADERMAP = NO;
			};
			name = Release;
		};
		OBJ_51 /* Debug */ = {
			isa = XCBuildConfiguration;
			buildSettings = {
				LD = /usr/bin/true;
				OTHER_SWIFT_FLAGS = "-swift-version 4 -I /Applications/Xcode.app/Contents/Developer/Toolchains/XcodeDefault.xctoolchain/usr/lib/swift/pm/4 -target x86_64-apple-macosx10.10 -sdk /Applications/Xcode.app/Contents/Developer/Platforms/MacOSX.platform/Developer/SDKs/MacOSX10.13.sdk";
				SWIFT_VERSION = 4.0;
			};
			name = Debug;
		};
		OBJ_52 /* Release */ = {
			isa = XCBuildConfiguration;
			buildSettings = {
				LD = /usr/bin/true;
				OTHER_SWIFT_FLAGS = "-swift-version 4 -I /Applications/Xcode.app/Contents/Developer/Toolchains/XcodeDefault.xctoolchain/usr/lib/swift/pm/4 -target x86_64-apple-macosx10.10 -sdk /Applications/Xcode.app/Contents/Developer/Platforms/MacOSX.platform/Developer/SDKs/MacOSX10.13.sdk";
				SWIFT_VERSION = 4.0;
			};
			name = Release;
		};
		OBJ_57 /* Debug */ = {
			isa = XCBuildConfiguration;
			buildSettings = {
				LD = /usr/bin/true;
				OTHER_SWIFT_FLAGS = "-swift-version 4 -I /Applications/Xcode.app/Contents/Developer/Toolchains/XcodeDefault.xctoolchain/usr/lib/swift/pm/4 -target x86_64-apple-macosx10.10 -sdk /Applications/Xcode.app/Contents/Developer/Platforms/MacOSX.platform/Developer/SDKs/MacOSX10.13.sdk";
				SWIFT_VERSION = 4.0;
			};
			name = Debug;
		};
		OBJ_58 /* Release */ = {
			isa = XCBuildConfiguration;
			buildSettings = {
				LD = /usr/bin/true;
				OTHER_SWIFT_FLAGS = "-swift-version 4 -I /Applications/Xcode.app/Contents/Developer/Toolchains/XcodeDefault.xctoolchain/usr/lib/swift/pm/4 -target x86_64-apple-macosx10.10 -sdk /Applications/Xcode.app/Contents/Developer/Platforms/MacOSX.platform/Developer/SDKs/MacOSX10.13.sdk";
				SWIFT_VERSION = 4.0;
			};
			name = Release;
		};
		OBJ_63 /* Debug */ = {
			isa = XCBuildConfiguration;
			buildSettings = {
				LD = /usr/bin/true;
				OTHER_SWIFT_FLAGS = "-swift-version 4 -I /Applications/Xcode.app/Contents/Developer/Toolchains/XcodeDefault.xctoolchain/usr/lib/swift/pm/4 -target x86_64-apple-macosx10.10 -sdk /Applications/Xcode.app/Contents/Developer/Platforms/MacOSX.platform/Developer/SDKs/MacOSX10.13.sdk";
				SWIFT_VERSION = 4.0;
			};
			name = Debug;
		};
		OBJ_64 /* Release */ = {
			isa = XCBuildConfiguration;
			buildSettings = {
				LD = /usr/bin/true;
				OTHER_SWIFT_FLAGS = "-swift-version 4 -I /Applications/Xcode.app/Contents/Developer/Toolchains/XcodeDefault.xctoolchain/usr/lib/swift/pm/4 -target x86_64-apple-macosx10.10 -sdk /Applications/Xcode.app/Contents/Developer/Platforms/MacOSX.platform/Developer/SDKs/MacOSX10.13.sdk";
				SWIFT_VERSION = 4.0;
			};
			name = Release;
		};
		OBJ_69 /* Debug */ = {
			isa = XCBuildConfiguration;
			buildSettings = {
				FRAMEWORK_SEARCH_PATHS = (
					"$(inherited)",
					"$(PLATFORM_DIR)/Developer/Library/Frameworks",
				);
				HEADER_SEARCH_PATHS = (
					"$(inherited)",
					"$(SRCROOT)/.build/checkouts/GzipSwift.git-2487387372573236187/Sources/system-zlib/include",
					"$(SRCROOT)/.build/checkouts/CBearLibTerminal.git-8135638892736904310",
				);
				INFOPLIST_FILE = RogueKit.xcodeproj/RogueKit_Info.plist;
				LD_RUNPATH_SEARCH_PATHS = "$(TOOLCHAIN_DIR)/usr/lib/swift/macosx @executable_path";
				LIBRARY_SEARCH_PATHS = (
					"$(inherited)",
					"$(PROJECT_DIR)/Binaries",
				);
				OTHER_LDFLAGS = "$(inherited)";
				OTHER_SWIFT_FLAGS = "$(inherited) -Xcc -fmodule-map-file=$(SRCROOT)/.build/checkouts/GzipSwift.git-2487387372573236187/Sources/system-zlib/include/module.modulemap";
				SWIFT_FORCE_DYNAMIC_LINK_STDLIB = YES;
				SWIFT_FORCE_STATIC_LINK_STDLIB = NO;
				SWIFT_VERSION = 4.0;
				TARGET_NAME = RogueKit;
			};
			name = Debug;
		};
		OBJ_70 /* Release */ = {
			isa = XCBuildConfiguration;
			buildSettings = {
				FRAMEWORK_SEARCH_PATHS = (
					"$(inherited)",
					"$(PLATFORM_DIR)/Developer/Library/Frameworks",
				);
				HEADER_SEARCH_PATHS = (
					"$(inherited)",
					"$(SRCROOT)/.build/checkouts/GzipSwift.git-2487387372573236187/Sources/system-zlib/include",
					"$(SRCROOT)/.build/checkouts/CBearLibTerminal.git-8135638892736904310",
				);
				INFOPLIST_FILE = RogueKit.xcodeproj/RogueKit_Info.plist;
				LD_RUNPATH_SEARCH_PATHS = "$(TOOLCHAIN_DIR)/usr/lib/swift/macosx @executable_path";
				LIBRARY_SEARCH_PATHS = (
					"$(inherited)",
					"$(PROJECT_DIR)/Binaries",
				);
				OTHER_LDFLAGS = "$(inherited)";
				OTHER_SWIFT_FLAGS = "$(inherited) -Xcc -fmodule-map-file=$(SRCROOT)/.build/checkouts/GzipSwift.git-2487387372573236187/Sources/system-zlib/include/module.modulemap";
				SWIFT_FORCE_DYNAMIC_LINK_STDLIB = YES;
				SWIFT_FORCE_STATIC_LINK_STDLIB = NO;
				SWIFT_VERSION = 4.0;
				TARGET_NAME = RogueKit;
			};
			name = Release;
		};
		OBJ_98 /* Debug */ = {
			isa = XCBuildConfiguration;
			buildSettings = {
				CODE_SIGN_IDENTITY = "Mac Developer";
				DEVELOPMENT_TEAM = 9TC4EP6SEE;
				ENABLE_TESTABILITY = YES;
				FRAMEWORK_SEARCH_PATHS = (
					"$(inherited)",
					"$(PLATFORM_DIR)/Developer/Library/Frameworks",
				);
				HEADER_SEARCH_PATHS = (
					"$(inherited)",
					"$(SRCROOT)/.build/checkouts/GzipSwift.git-2487387372573236187/Sources/system-zlib/include",
				);
				INFOPLIST_FILE = RogueKit.xcodeproj/Gzip_Info.plist;
				LD_RUNPATH_SEARCH_PATHS = "$(TOOLCHAIN_DIR)/usr/lib/swift/macosx";
				OTHER_LDFLAGS = "$(inherited)";
				OTHER_SWIFT_FLAGS = "$(inherited) -Xcc -fmodule-map-file=$(SRCROOT)/.build/checkouts/GzipSwift.git-2487387372573236187/Sources/system-zlib/include/module.modulemap";
				PRODUCT_BUNDLE_IDENTIFIER = Gzip;
				PRODUCT_MODULE_NAME = "$(TARGET_NAME:c99extidentifier)";
				PRODUCT_NAME = "$(TARGET_NAME:c99extidentifier)";
				SKIP_INSTALL = YES;
				SWIFT_VERSION = 4.0;
				TARGET_NAME = Gzip;
			};
			name = Debug;
		};
		OBJ_99 /* Release */ = {
			isa = XCBuildConfiguration;
			buildSettings = {
				CODE_SIGN_IDENTITY = "Mac Developer";
				DEVELOPMENT_TEAM = 9TC4EP6SEE;
				ENABLE_TESTABILITY = YES;
				FRAMEWORK_SEARCH_PATHS = (
					"$(inherited)",
					"$(PLATFORM_DIR)/Developer/Library/Frameworks",
				);
				HEADER_SEARCH_PATHS = (
					"$(inherited)",
					"$(SRCROOT)/.build/checkouts/GzipSwift.git-2487387372573236187/Sources/system-zlib/include",
				);
				INFOPLIST_FILE = RogueKit.xcodeproj/Gzip_Info.plist;
				LD_RUNPATH_SEARCH_PATHS = "$(TOOLCHAIN_DIR)/usr/lib/swift/macosx";
				OTHER_LDFLAGS = "$(inherited)";
				OTHER_SWIFT_FLAGS = "$(inherited) -Xcc -fmodule-map-file=$(SRCROOT)/.build/checkouts/GzipSwift.git-2487387372573236187/Sources/system-zlib/include/module.modulemap";
				PRODUCT_BUNDLE_IDENTIFIER = Gzip;
				PRODUCT_MODULE_NAME = "$(TARGET_NAME:c99extidentifier)";
				PRODUCT_NAME = "$(TARGET_NAME:c99extidentifier)";
				SKIP_INSTALL = YES;
				SWIFT_VERSION = 4.0;
				TARGET_NAME = Gzip;
			};
			name = Release;
		};
/* End XCBuildConfiguration section */

/* Begin XCConfigurationList section */
		AA3DA1F5200BE88A00A7CA1B /* Build configuration list for PBXLegacyTarget "Sync Resources" */ = {
			isa = XCConfigurationList;
			buildConfigurations = (
				AA3DA1F6200BE88A00A7CA1B /* Debug */,
				AA3DA1F7200BE88A00A7CA1B /* Release */,
			);
			defaultConfigurationIsVisible = 0;
			defaultConfigurationName = Debug;
		};
		AA3DA23A2012DD2600A7CA1B /* Build configuration list for PBXNativeTarget "RogueKitApp" */ = {
			isa = XCConfigurationList;
			buildConfigurations = (
				AA3DA23B2012DD2600A7CA1B /* Debug */,
				AA3DA23C2012DD2600A7CA1B /* Release */,
			);
			defaultConfigurationIsVisible = 0;
			defaultConfigurationName = Debug;
		};
		OBJ_105 /* Build configuration list for PBXNativeTarget "system-zlib" */ = {
			isa = XCConfigurationList;
			buildConfigurations = (
				OBJ_106 /* Debug */,
				OBJ_107 /* Release */,
			);
			defaultConfigurationIsVisible = 0;
			defaultConfigurationName = Debug;
		};
		OBJ_111 /* Build configuration list for PBXNativeTarget "BearLibTerminal" */ = {
			isa = XCConfigurationList;
			buildConfigurations = (
				OBJ_112 /* Debug */,
				OBJ_113 /* Release */,
			);
			defaultConfigurationIsVisible = 0;
			defaultConfigurationName = Debug;
		};
		OBJ_119 /* Build configuration list for PBXAggregateTarget "RogueKit Demo" */ = {
			isa = XCConfigurationList;
			buildConfigurations = (
				OBJ_120 /* Debug */,
				OBJ_121 /* Release */,
			);
			defaultConfigurationIsVisible = 0;
			defaultConfigurationName = Debug;
		};
		OBJ_2 /* Build configuration list for PBXProject "RogueKit" */ = {
			isa = XCConfigurationList;
			buildConfigurations = (
				OBJ_3 /* Debug */,
				OBJ_4 /* Release */,
			);
			defaultConfigurationIsVisible = 0;
			defaultConfigurationName = Debug;
		};
		OBJ_50 /* Build configuration list for PBXNativeTarget "RogueKitPackageDescription" */ = {
			isa = XCConfigurationList;
			buildConfigurations = (
				OBJ_51 /* Debug */,
				OBJ_52 /* Release */,
			);
			defaultConfigurationIsVisible = 0;
			defaultConfigurationName = Debug;
		};
		OBJ_56 /* Build configuration list for PBXNativeTarget "GzipPackageDescription" */ = {
			isa = XCConfigurationList;
			buildConfigurations = (
				OBJ_57 /* Debug */,
				OBJ_58 /* Release */,
			);
			defaultConfigurationIsVisible = 0;
			defaultConfigurationName = Debug;
		};
		OBJ_62 /* Build configuration list for PBXNativeTarget "BearLibTerminalPackageDescription" */ = {
			isa = XCConfigurationList;
			buildConfigurations = (
				OBJ_63 /* Debug */,
				OBJ_64 /* Release */,
			);
			defaultConfigurationIsVisible = 0;
			defaultConfigurationName = Debug;
		};
		OBJ_68 /* Build configuration list for PBXNativeTarget "RogueKit" */ = {
			isa = XCConfigurationList;
			buildConfigurations = (
				OBJ_69 /* Debug */,
				OBJ_70 /* Release */,
			);
			defaultConfigurationIsVisible = 0;
			defaultConfigurationName = Debug;
		};
		OBJ_97 /* Build configuration list for PBXNativeTarget "Gzip" */ = {
			isa = XCConfigurationList;
			buildConfigurations = (
				OBJ_98 /* Debug */,
				OBJ_99 /* Release */,
			);
			defaultConfigurationIsVisible = 0;
			defaultConfigurationName = Debug;
		};
/* End XCConfigurationList section */
	};
	rootObject = OBJ_1 /* Project object */;
}
